// !$*UTF8*$!
{
	archiveVersion = 1;
	classes = {
	};
	objectVersion = 55;
	objects = {

/* Begin PBXBuildFile section */
		AF6B8B56C9273982C16AF730 /* Pods_SpaceX.framework in Frameworks */ = {isa = PBXBuildFile; fileRef = 6D1A437501E92DE82D5DD993 /* Pods_SpaceX.framework */; };
		F374282C28EEDCD100F76252 /* RocketLoader.swift in Sources */ = {isa = PBXBuildFile; fileRef = F374282B28EEDCD100F76252 /* RocketLoader.swift */; };
		F3B54A5628EFED21000F968F /* Constants.swift in Sources */ = {isa = PBXBuildFile; fileRef = F3B54A5528EFED21000F968F /* Constants.swift */; };
		F3B54A5828EFEE92000F968F /* LaunchModel.swift in Sources */ = {isa = PBXBuildFile; fileRef = F3B54A5728EFEE92000F968F /* LaunchModel.swift */; };
		F3B54A5A28EFF0D9000F968F /* LaunchLoader.swift in Sources */ = {isa = PBXBuildFile; fileRef = F3B54A5928EFF0D9000F968F /* LaunchLoader.swift */; };
		F3E3967A28EED336000D3AA4 /* AppDelegate.swift in Sources */ = {isa = PBXBuildFile; fileRef = F3E3967928EED336000D3AA4 /* AppDelegate.swift */; };
		F3E3967C28EED336000D3AA4 /* SceneDelegate.swift in Sources */ = {isa = PBXBuildFile; fileRef = F3E3967B28EED336000D3AA4 /* SceneDelegate.swift */; };
		F3E3967E28EED336000D3AA4 /* ViewController.swift in Sources */ = {isa = PBXBuildFile; fileRef = F3E3967D28EED336000D3AA4 /* ViewController.swift */; };
		F3E3968128EED336000D3AA4 /* Main.storyboard in Resources */ = {isa = PBXBuildFile; fileRef = F3E3967F28EED336000D3AA4 /* Main.storyboard */; };
		F3E3968328EED337000D3AA4 /* Assets.xcassets in Resources */ = {isa = PBXBuildFile; fileRef = F3E3968228EED337000D3AA4 /* Assets.xcassets */; };
		F3E3968628EED337000D3AA4 /* LaunchScreen.storyboard in Resources */ = {isa = PBXBuildFile; fileRef = F3E3968428EED337000D3AA4 /* LaunchScreen.storyboard */; };
		F3E3968E28EED34E000D3AA4 /* RocketModel.swift in Sources */ = {isa = PBXBuildFile; fileRef = F3E3968D28EED34E000D3AA4 /* RocketModel.swift */; };
/* End PBXBuildFile section */

/* Begin PBXFileReference section */
		0FF9F7FDAB87FA91F25A27FA /* Pods-SpaceX.debug.xcconfig */ = {isa = PBXFileReference; includeInIndex = 1; lastKnownFileType = text.xcconfig; name = "Pods-SpaceX.debug.xcconfig"; path = "Target Support Files/Pods-SpaceX/Pods-SpaceX.debug.xcconfig"; sourceTree = "<group>"; };
		6D1A437501E92DE82D5DD993 /* Pods_SpaceX.framework */ = {isa = PBXFileReference; explicitFileType = wrapper.framework; includeInIndex = 0; path = Pods_SpaceX.framework; sourceTree = BUILT_PRODUCTS_DIR; };
		8021D1B594C13D0F5BCFBBD1 /* Pods-SpaceX.release.xcconfig */ = {isa = PBXFileReference; includeInIndex = 1; lastKnownFileType = text.xcconfig; name = "Pods-SpaceX.release.xcconfig"; path = "Target Support Files/Pods-SpaceX/Pods-SpaceX.release.xcconfig"; sourceTree = "<group>"; };
		F374282B28EEDCD100F76252 /* RocketLoader.swift */ = {isa = PBXFileReference; lastKnownFileType = sourcecode.swift; path = RocketLoader.swift; sourceTree = "<group>"; };
		F3B54A5528EFED21000F968F /* Constants.swift */ = {isa = PBXFileReference; lastKnownFileType = sourcecode.swift; path = Constants.swift; sourceTree = "<group>"; };
		F3B54A5728EFEE92000F968F /* LaunchModel.swift */ = {isa = PBXFileReference; lastKnownFileType = sourcecode.swift; path = LaunchModel.swift; sourceTree = "<group>"; };
		F3B54A5928EFF0D9000F968F /* LaunchLoader.swift */ = {isa = PBXFileReference; lastKnownFileType = sourcecode.swift; path = LaunchLoader.swift; sourceTree = "<group>"; };
		F3E3967628EED336000D3AA4 /* SpaceX.app */ = {isa = PBXFileReference; explicitFileType = wrapper.application; includeInIndex = 0; path = SpaceX.app; sourceTree = BUILT_PRODUCTS_DIR; };
		F3E3967928EED336000D3AA4 /* AppDelegate.swift */ = {isa = PBXFileReference; lastKnownFileType = sourcecode.swift; path = AppDelegate.swift; sourceTree = "<group>"; };
		F3E3967B28EED336000D3AA4 /* SceneDelegate.swift */ = {isa = PBXFileReference; lastKnownFileType = sourcecode.swift; path = SceneDelegate.swift; sourceTree = "<group>"; };
		F3E3967D28EED336000D3AA4 /* ViewController.swift */ = {isa = PBXFileReference; lastKnownFileType = sourcecode.swift; path = ViewController.swift; sourceTree = "<group>"; };
		F3E3968028EED336000D3AA4 /* Base */ = {isa = PBXFileReference; lastKnownFileType = file.storyboard; name = Base; path = Base.lproj/Main.storyboard; sourceTree = "<group>"; };
		F3E3968228EED337000D3AA4 /* Assets.xcassets */ = {isa = PBXFileReference; lastKnownFileType = folder.assetcatalog; path = Assets.xcassets; sourceTree = "<group>"; };
		F3E3968528EED337000D3AA4 /* Base */ = {isa = PBXFileReference; lastKnownFileType = file.storyboard; name = Base; path = Base.lproj/LaunchScreen.storyboard; sourceTree = "<group>"; };
		F3E3968728EED337000D3AA4 /* Info.plist */ = {isa = PBXFileReference; lastKnownFileType = text.plist.xml; path = Info.plist; sourceTree = "<group>"; };
		F3E3968D28EED34E000D3AA4 /* RocketModel.swift */ = {isa = PBXFileReference; lastKnownFileType = sourcecode.swift; path = RocketModel.swift; sourceTree = "<group>"; };
/* End PBXFileReference section */

/* Begin PBXFrameworksBuildPhase section */
		F3E3967328EED336000D3AA4 /* Frameworks */ = {
			isa = PBXFrameworksBuildPhase;
			buildActionMask = 2147483647;
			files = (
				AF6B8B56C9273982C16AF730 /* Pods_SpaceX.framework in Frameworks */,
			);
			runOnlyForDeploymentPostprocessing = 0;
		};
/* End PBXFrameworksBuildPhase section */

/* Begin PBXGroup section */
		4E730211793E48B7AD128ADC /* Frameworks */ = {
			isa = PBXGroup;
			children = (
				6D1A437501E92DE82D5DD993 /* Pods_SpaceX.framework */,
			);
			name = Frameworks;
			sourceTree = "<group>";
		};
		CA3B511D584E8A5462F09B4B /* Pods */ = {
			isa = PBXGroup;
			children = (
				0FF9F7FDAB87FA91F25A27FA /* Pods-SpaceX.debug.xcconfig */,
				8021D1B594C13D0F5BCFBBD1 /* Pods-SpaceX.release.xcconfig */,
			);
			name = Pods;
			path = Pods;
			sourceTree = "<group>";
		};
		F3B54A5B28EFF0E0000F968F /* Loaders */ = {
			isa = PBXGroup;
			children = (
				F374282B28EEDCD100F76252 /* RocketLoader.swift */,
				F3B54A5928EFF0D9000F968F /* LaunchLoader.swift */,
			);
			path = Loaders;
			sourceTree = "<group>";
		};
		F3B54A5C28EFF0E9000F968F /* Models */ = {
			isa = PBXGroup;
			children = (
				F3E3968D28EED34E000D3AA4 /* RocketModel.swift */,
				F3B54A5728EFEE92000F968F /* LaunchModel.swift */,
			);
			path = Models;
			sourceTree = "<group>";
		};
		F3B54A8128F0231A000F968F /* Controllers */ = {
			isa = PBXGroup;
			children = (
				F3E3967D28EED336000D3AA4 /* ViewController.swift */,
			);
			path = Controllers;
			sourceTree = "<group>";
		};
		F3B54A8228F02327000F968F /* Helpers */ = {
			isa = PBXGroup;
			children = (
				F3B54A5528EFED21000F968F /* Constants.swift */,
				F3E3967B28EED336000D3AA4 /* SceneDelegate.swift */,
				F3E3967928EED336000D3AA4 /* AppDelegate.swift */,
			);
			path = Helpers;
			sourceTree = "<group>";
		};
		F3E3966D28EED336000D3AA4 = {
			isa = PBXGroup;
			children = (
				F3E3967828EED336000D3AA4 /* SpaceX */,
				F3E3967728EED336000D3AA4 /* Products */,
				CA3B511D584E8A5462F09B4B /* Pods */,
				4E730211793E48B7AD128ADC /* Frameworks */,
			);
			sourceTree = "<group>";
		};
		F3E3967728EED336000D3AA4 /* Products */ = {
			isa = PBXGroup;
			children = (
				F3E3967628EED336000D3AA4 /* SpaceX.app */,
			);
			name = Products;
			sourceTree = "<group>";
		};
		F3E3967828EED336000D3AA4 /* SpaceX */ = {
			isa = PBXGroup;
			children = (
				F3B54A8128F0231A000F968F /* Controllers */,
				F3B54A5C28EFF0E9000F968F /* Models */,
				F3B54A5B28EFF0E0000F968F /* Loaders */,
				F3B54A8228F02327000F968F /* Helpers */,
				F3E3967F28EED336000D3AA4 /* Main.storyboard */,
				F3E3968228EED337000D3AA4 /* Assets.xcassets */,
				F3E3968428EED337000D3AA4 /* LaunchScreen.storyboard */,
				F3E3968728EED337000D3AA4 /* Info.plist */,
			);
			path = SpaceX;
			sourceTree = "<group>";
		};
/* End PBXGroup section */

/* Begin PBXNativeTarget section */
		F3E3967528EED336000D3AA4 /* SpaceX */ = {
			isa = PBXNativeTarget;
			buildConfigurationList = F3E3968A28EED337000D3AA4 /* Build configuration list for PBXNativeTarget "SpaceX" */;
			buildPhases = (
				C5FA9C9A28F72EF158F7C6CB /* [CP] Check Pods Manifest.lock */,
				F3E3967228EED336000D3AA4 /* Sources */,
				F3E3967328EED336000D3AA4 /* Frameworks */,
				F3E3967428EED336000D3AA4 /* Resources */,
				41AC438EA80DF76576DC7649 /* [CP] Embed Pods Frameworks */,
			);
			buildRules = (
			);
			dependencies = (
			);
			name = SpaceX;
			productName = SpaceX;
			productReference = F3E3967628EED336000D3AA4 /* SpaceX.app */;
			productType = "com.apple.product-type.application";
		};
/* End PBXNativeTarget section */

/* Begin PBXProject section */
		F3E3966E28EED336000D3AA4 /* Project object */ = {
			isa = PBXProject;
			attributes = {
				BuildIndependentTargetsInParallel = 1;
				LastSwiftUpdateCheck = 1330;
				LastUpgradeCheck = 1330;
				TargetAttributes = {
					F3E3967528EED336000D3AA4 = {
						CreatedOnToolsVersion = 13.3.1;
					};
				};
			};
			buildConfigurationList = F3E3967128EED336000D3AA4 /* Build configuration list for PBXProject "SpaceX" */;
			compatibilityVersion = "Xcode 13.0";
			developmentRegion = en;
			hasScannedForEncodings = 0;
			knownRegions = (
				en,
				Base,
			);
			mainGroup = F3E3966D28EED336000D3AA4;
			productRefGroup = F3E3967728EED336000D3AA4 /* Products */;
			projectDirPath = "";
			projectRoot = "";
			targets = (
				F3E3967528EED336000D3AA4 /* SpaceX */,
			);
		};
/* End PBXProject section */

/* Begin PBXResourcesBuildPhase section */
		F3E3967428EED336000D3AA4 /* Resources */ = {
			isa = PBXResourcesBuildPhase;
			buildActionMask = 2147483647;
			files = (
				F3E3968628EED337000D3AA4 /* LaunchScreen.storyboard in Resources */,
				F3E3968328EED337000D3AA4 /* Assets.xcassets in Resources */,
				F3E3968128EED336000D3AA4 /* Main.storyboard in Resources */,
			);
			runOnlyForDeploymentPostprocessing = 0;
		};
/* End PBXResourcesBuildPhase section */

/* Begin PBXShellScriptBuildPhase section */
		41AC438EA80DF76576DC7649 /* [CP] Embed Pods Frameworks */ = {
			isa = PBXShellScriptBuildPhase;
			buildActionMask = 2147483647;
			files = (
			);
			inputFileListPaths = (
				"${PODS_ROOT}/Target Support Files/Pods-SpaceX/Pods-SpaceX-frameworks-${CONFIGURATION}-input-files.xcfilelist",
			);
			name = "[CP] Embed Pods Frameworks";
			outputFileListPaths = (
				"${PODS_ROOT}/Target Support Files/Pods-SpaceX/Pods-SpaceX-frameworks-${CONFIGURATION}-output-files.xcfilelist",
			);
			runOnlyForDeploymentPostprocessing = 0;
			shellPath = /bin/sh;
			shellScript = "\"${PODS_ROOT}/Target Support Files/Pods-SpaceX/Pods-SpaceX-frameworks.sh\"\n";
			showEnvVarsInLog = 0;
		};
		C5FA9C9A28F72EF158F7C6CB /* [CP] Check Pods Manifest.lock */ = {
			isa = PBXShellScriptBuildPhase;
			buildActionMask = 2147483647;
			files = (
			);
			inputFileListPaths = (
			);
			inputPaths = (
				"${PODS_PODFILE_DIR_PATH}/Podfile.lock",
				"${PODS_ROOT}/Manifest.lock",
			);
			name = "[CP] Check Pods Manifest.lock";
			outputFileListPaths = (
			);
			outputPaths = (
				"$(DERIVED_FILE_DIR)/Pods-SpaceX-checkManifestLockResult.txt",
			);
			runOnlyForDeploymentPostprocessing = 0;
			shellPath = /bin/sh;
			shellScript = "diff \"${PODS_PODFILE_DIR_PATH}/Podfile.lock\" \"${PODS_ROOT}/Manifest.lock\" > /dev/null\nif [ $? != 0 ] ; then\n    # print error to STDERR\n    echo \"error: The sandbox is not in sync with the Podfile.lock. Run 'pod install' or update your CocoaPods installation.\" >&2\n    exit 1\nfi\n# This output is used by Xcode 'outputs' to avoid re-running this script phase.\necho \"SUCCESS\" > \"${SCRIPT_OUTPUT_FILE_0}\"\n";
			showEnvVarsInLog = 0;
		};
/* End PBXShellScriptBuildPhase section */

/* Begin PBXSourcesBuildPhase section */
		F3E3967228EED336000D3AA4 /* Sources */ = {
			isa = PBXSourcesBuildPhase;
			buildActionMask = 2147483647;
			files = (
				F374282C28EEDCD100F76252 /* RocketLoader.swift in Sources */,
				F3E3967E28EED336000D3AA4 /* ViewController.swift in Sources */,
				F3E3968E28EED34E000D3AA4 /* RocketModel.swift in Sources */,
				F3E3967A28EED336000D3AA4 /* AppDelegate.swift in Sources */,
				F3E3967C28EED336000D3AA4 /* SceneDelegate.swift in Sources */,
				F3B54A5828EFEE92000F968F /* LaunchModel.swift in Sources */,
				F3B54A5628EFED21000F968F /* Constants.swift in Sources */,
				F3B54A5A28EFF0D9000F968F /* LaunchLoader.swift in Sources */,
			);
			runOnlyForDeploymentPostprocessing = 0;
		};
/* End PBXSourcesBuildPhase section */

/* Begin PBXVariantGroup section */
		F3E3967F28EED336000D3AA4 /* Main.storyboard */ = {
			isa = PBXVariantGroup;
			children = (
				F3E3968028EED336000D3AA4 /* Base */,
			);
			name = Main.storyboard;
			sourceTree = "<group>";
		};
		F3E3968428EED337000D3AA4 /* LaunchScreen.storyboard */ = {
			isa = PBXVariantGroup;
			children = (
				F3E3968528EED337000D3AA4 /* Base */,
			);
			name = LaunchScreen.storyboard;
			sourceTree = "<group>";
		};
/* End PBXVariantGroup section */

/* Begin XCBuildConfiguration section */
		F3E3968828EED337000D3AA4 /* Debug */ = {
			isa = XCBuildConfiguration;
			buildSettings = {
				ALWAYS_SEARCH_USER_PATHS = NO;
				CLANG_ANALYZER_NONNULL = YES;
				CLANG_ANALYZER_NUMBER_OBJECT_CONVERSION = YES_AGGRESSIVE;
				CLANG_CXX_LANGUAGE_STANDARD = "gnu++17";
				CLANG_ENABLE_MODULES = YES;
				CLANG_ENABLE_OBJC_ARC = YES;
				CLANG_ENABLE_OBJC_WEAK = YES;
				CLANG_WARN_BLOCK_CAPTURE_AUTORELEASING = YES;
				CLANG_WARN_BOOL_CONVERSION = YES;
				CLANG_WARN_COMMA = YES;
				CLANG_WARN_CONSTANT_CONVERSION = YES;
				CLANG_WARN_DEPRECATED_OBJC_IMPLEMENTATIONS = YES;
				CLANG_WARN_DIRECT_OBJC_ISA_USAGE = YES_ERROR;
				CLANG_WARN_DOCUMENTATION_COMMENTS = YES;
				CLANG_WARN_EMPTY_BODY = YES;
				CLANG_WARN_ENUM_CONVERSION = YES;
				CLANG_WARN_INFINITE_RECURSION = YES;
				CLANG_WARN_INT_CONVERSION = YES;
				CLANG_WARN_NON_LITERAL_NULL_CONVERSION = YES;
				CLANG_WARN_OBJC_IMPLICIT_RETAIN_SELF = YES;
				CLANG_WARN_OBJC_LITERAL_CONVERSION = YES;
				CLANG_WARN_OBJC_ROOT_CLASS = YES_ERROR;
				CLANG_WARN_QUOTED_INCLUDE_IN_FRAMEWORK_HEADER = YES;
				CLANG_WARN_RANGE_LOOP_ANALYSIS = YES;
				CLANG_WARN_STRICT_PROTOTYPES = YES;
				CLANG_WARN_SUSPICIOUS_MOVE = YES;
				CLANG_WARN_UNGUARDED_AVAILABILITY = YES_AGGRESSIVE;
				CLANG_WARN_UNREACHABLE_CODE = YES;
				CLANG_WARN__DUPLICATE_METHOD_MATCH = YES;
				COPY_PHASE_STRIP = NO;
				DEBUG_INFORMATION_FORMAT = dwarf;
				ENABLE_STRICT_OBJC_MSGSEND = YES;
				ENABLE_TESTABILITY = YES;
				GCC_C_LANGUAGE_STANDARD = gnu11;
				GCC_DYNAMIC_NO_PIC = NO;
				GCC_NO_COMMON_BLOCKS = YES;
				GCC_OPTIMIZATION_LEVEL = 0;
				GCC_PREPROCESSOR_DEFINITIONS = (
					"DEBUG=1",
					"$(inherited)",
				);
				GCC_WARN_64_TO_32_BIT_CONVERSION = YES;
				GCC_WARN_ABOUT_RETURN_TYPE = YES_ERROR;
				GCC_WARN_UNDECLARED_SELECTOR = YES;
				GCC_WARN_UNINITIALIZED_AUTOS = YES_AGGRESSIVE;
				GCC_WARN_UNUSED_FUNCTION = YES;
				GCC_WARN_UNUSED_VARIABLE = YES;
				IPHONEOS_DEPLOYMENT_TARGET = 15.4;
				MTL_ENABLE_DEBUG_INFO = INCLUDE_SOURCE;
				MTL_FAST_MATH = YES;
				ONLY_ACTIVE_ARCH = YES;
				SDKROOT = iphoneos;
				SWIFT_ACTIVE_COMPILATION_CONDITIONS = DEBUG;
				SWIFT_OPTIMIZATION_LEVEL = "-Onone";
			};
			name = Debug;
		};
		F3E3968928EED337000D3AA4 /* Release */ = {
			isa = XCBuildConfiguration;
			buildSettings = {
				ALWAYS_SEARCH_USER_PATHS = NO;
				CLANG_ANALYZER_NONNULL = YES;
				CLANG_ANALYZER_NUMBER_OBJECT_CONVERSION = YES_AGGRESSIVE;
				CLANG_CXX_LANGUAGE_STANDARD = "gnu++17";
				CLANG_ENABLE_MODULES = YES;
				CLANG_ENABLE_OBJC_ARC = YES;
				CLANG_ENABLE_OBJC_WEAK = YES;
				CLANG_WARN_BLOCK_CAPTURE_AUTORELEASING = YES;
				CLANG_WARN_BOOL_CONVERSION = YES;
				CLANG_WARN_COMMA = YES;
				CLANG_WARN_CONSTANT_CONVERSION = YES;
				CLANG_WARN_DEPRECATED_OBJC_IMPLEMENTATIONS = YES;
				CLANG_WARN_DIRECT_OBJC_ISA_USAGE = YES_ERROR;
				CLANG_WARN_DOCUMENTATION_COMMENTS = YES;
				CLANG_WARN_EMPTY_BODY = YES;
				CLANG_WARN_ENUM_CONVERSION = YES;
				CLANG_WARN_INFINITE_RECURSION = YES;
				CLANG_WARN_INT_CONVERSION = YES;
				CLANG_WARN_NON_LITERAL_NULL_CONVERSION = YES;
				CLANG_WARN_OBJC_IMPLICIT_RETAIN_SELF = YES;
				CLANG_WARN_OBJC_LITERAL_CONVERSION = YES;
				CLANG_WARN_OBJC_ROOT_CLASS = YES_ERROR;
				CLANG_WARN_QUOTED_INCLUDE_IN_FRAMEWORK_HEADER = YES;
				CLANG_WARN_RANGE_LOOP_ANALYSIS = YES;
				CLANG_WARN_STRICT_PROTOTYPES = YES;
				CLANG_WARN_SUSPICIOUS_MOVE = YES;
				CLANG_WARN_UNGUARDED_AVAILABILITY = YES_AGGRESSIVE;
				CLANG_WARN_UNREACHABLE_CODE = YES;
				CLANG_WARN__DUPLICATE_METHOD_MATCH = YES;
				COPY_PHASE_STRIP = NO;
				DEBUG_INFORMATION_FORMAT = "dwarf-with-dsym";
				ENABLE_NS_ASSERTIONS = NO;
				ENABLE_STRICT_OBJC_MSGSEND = YES;
				GCC_C_LANGUAGE_STANDARD = gnu11;
				GCC_NO_COMMON_BLOCKS = YES;
				GCC_WARN_64_TO_32_BIT_CONVERSION = YES;
				GCC_WARN_ABOUT_RETURN_TYPE = YES_ERROR;
				GCC_WARN_UNDECLARED_SELECTOR = YES;
				GCC_WARN_UNINITIALIZED_AUTOS = YES_AGGRESSIVE;
				GCC_WARN_UNUSED_FUNCTION = YES;
				GCC_WARN_UNUSED_VARIABLE = YES;
				IPHONEOS_DEPLOYMENT_TARGET = 15.4;
				MTL_ENABLE_DEBUG_INFO = NO;
				MTL_FAST_MATH = YES;
				SDKROOT = iphoneos;
				SWIFT_COMPILATION_MODE = wholemodule;
				SWIFT_OPTIMIZATION_LEVEL = "-O";
				VALIDATE_PRODUCT = YES;
			};
			name = Release;
		};
		F3E3968B28EED337000D3AA4 /* Debug */ = {
			isa = XCBuildConfiguration;
			baseConfigurationReference = 0FF9F7FDAB87FA91F25A27FA /* Pods-SpaceX.debug.xcconfig */;
			buildSettings = {
				ASSETCATALOG_COMPILER_APPICON_NAME = AppIcon;
				ASSETCATALOG_COMPILER_GLOBAL_ACCENT_COLOR_NAME = AccentColor;
				CODE_SIGN_STYLE = Automatic;
				CURRENT_PROJECT_VERSION = 1;
				DEVELOPMENT_TEAM = 7CB7M9962J;
				GENERATE_INFOPLIST_FILE = YES;
				INFOPLIST_FILE = SpaceX/Info.plist;
				INFOPLIST_KEY_UIApplicationSupportsIndirectInputEvents = YES;
				INFOPLIST_KEY_UILaunchStoryboardName = LaunchScreen;
				INFOPLIST_KEY_UIMainStoryboardFile = Main;
				INFOPLIST_KEY_UISupportedInterfaceOrientations_iPad = "UIInterfaceOrientationPortrait UIInterfaceOrientationPortraitUpsideDown UIInterfaceOrientationLandscapeLeft UIInterfaceOrientationLandscapeRight";
				INFOPLIST_KEY_UISupportedInterfaceOrientations_iPhone = "UIInterfaceOrientationPortrait UIInterfaceOrientationLandscapeLeft UIInterfaceOrientationLandscapeRight";
				LD_RUNPATH_SEARCH_PATHS = (
					"$(inherited)",
					"@executable_path/Frameworks",
				);
				MARKETING_VERSION = 1.0;
				PRODUCT_BUNDLE_IDENTIFIER = "-23.SpaceX";
				PRODUCT_NAME = "$(TARGET_NAME)";
				SWIFT_EMIT_LOC_STRINGS = YES;
				SWIFT_VERSION = 5.0;
				TARGETED_DEVICE_FAMILY = "1,2";
			};
			name = Debug;
		};
		F3E3968C28EED337000D3AA4 /* Release */ = {
			isa = XCBuildConfiguration;
			baseConfigurationReference = 8021D1B594C13D0F5BCFBBD1 /* Pods-SpaceX.release.xcconfig */;
			buildSettings = {
				ASSETCATALOG_COMPILER_APPICON_NAME = AppIcon;
				ASSETCATALOG_COMPILER_GLOBAL_ACCENT_COLOR_NAME = AccentColor;
				CODE_SIGN_STYLE = Automatic;
				CURRENT_PROJECT_VERSION = 1;
				DEVELOPMENT_TEAM = 7CB7M9962J;
				GENERATE_INFOPLIST_FILE = YES;
				INFOPLIST_FILE = SpaceX/Info.plist;
				INFOPLIST_KEY_UIApplicationSupportsIndirectInputEvents = YES;
				INFOPLIST_KEY_UILaunchStoryboardName = LaunchScreen;
				INFOPLIST_KEY_UIMainStoryboardFile = Main;
				INFOPLIST_KEY_UISupportedInterfaceOrientations_iPad = "UIInterfaceOrientationPortrait UIInterfaceOrientationPortraitUpsideDown UIInterfaceOrientationLandscapeLeft UIInterfaceOrientationLandscapeRight";
				INFOPLIST_KEY_UISupportedInterfaceOrientations_iPhone = "UIInterfaceOrientationPortrait UIInterfaceOrientationLandscapeLeft UIInterfaceOrientationLandscapeRight";
				LD_RUNPATH_SEARCH_PATHS = (
					"$(inherited)",
					"@executable_path/Frameworks",
				);
				MARKETING_VERSION = 1.0;
				PRODUCT_BUNDLE_IDENTIFIER = "-23.SpaceX";
				PRODUCT_NAME = "$(TARGET_NAME)";
				SWIFT_EMIT_LOC_STRINGS = YES;
				SWIFT_VERSION = 5.0;
				TARGETED_DEVICE_FAMILY = "1,2";
			};
			name = Release;
		};
/* End XCBuildConfiguration section */

/* Begin XCConfigurationList section */
		F3E3967128EED336000D3AA4 /* Build configuration list for PBXProject "SpaceX" */ = {
			isa = XCConfigurationList;
			buildConfigurations = (
				F3E3968828EED337000D3AA4 /* Debug */,
				F3E3968928EED337000D3AA4 /* Release */,
			);
			defaultConfigurationIsVisible = 0;
			defaultConfigurationName = Release;
		};
		F3E3968A28EED337000D3AA4 /* Build configuration list for PBXNativeTarget "SpaceX" */ = {
			isa = XCConfigurationList;
			buildConfigurations = (
				F3E3968B28EED337000D3AA4 /* Debug */,
				F3E3968C28EED337000D3AA4 /* Release */,
			);
			defaultConfigurationIsVisible = 0;
			defaultConfigurationName = Release;
		};
/* End XCConfigurationList section */
	};
	rootObject = F3E3966E28EED336000D3AA4 /* Project object */;
}
